<Solution>
  <Folder Name="/Solution Items/">
    <File Path=".editorconfig" />
    <File Path="AGENTS.md" />
    <File Path="Readme.md" />
  </Folder>
  <Project Path="Tests/Tests.csproj" Id="9700c479-480f-47ae-b52c-2342582cadc3" />
  <Project Path="UltraDecompiler/UltraDecompiler.csproj" />
</Solution>
